// !$*UTF8*$!
{
	archiveVersion = 1;
	classes = {
	};
	objectVersion = 51;
	objects = {

/* Begin PBXBuildFile section */
		55F339CF25B96CD700D0AD16 /* AppDelegate.swift in Sources */ = {isa = PBXBuildFile; fileRef = 55F339CE25B96CD700D0AD16 /* AppDelegate.swift */; };
		55F339D125B96CD700D0AD16 /* SceneDelegate.swift in Sources */ = {isa = PBXBuildFile; fileRef = 55F339D025B96CD700D0AD16 /* SceneDelegate.swift */; };
		55F339D325B96CD700D0AD16 /* MainViewController.swift in Sources */ = {isa = PBXBuildFile; fileRef = 55F339D225B96CD700D0AD16 /* MainViewController.swift */; };
		55F339D825B96CDA00D0AD16 /* Assets.xcassets in Resources */ = {isa = PBXBuildFile; fileRef = 55F339D725B96CDA00D0AD16 /* Assets.xcassets */; };
		55F339DB25B96CDA00D0AD16 /* LaunchScreen.storyboard in Resources */ = {isa = PBXBuildFile; fileRef = 55F339D925B96CDA00D0AD16 /* LaunchScreen.storyboard */; };
		55F339E625B970BD00D0AD16 /* Photos.swift in Sources */ = {isa = PBXBuildFile; fileRef = 55F339E525B970BD00D0AD16 /* Photos.swift */; };
		55F339E825B974E100D0AD16 /* Manager.swift in Sources */ = {isa = PBXBuildFile; fileRef = 55F339E725B974E100D0AD16 /* Manager.swift */; };
		55F339EA25B9BB0700D0AD16 /* ViewModel.swift in Sources */ = {isa = PBXBuildFile; fileRef = 55F339E925B9BB0700D0AD16 /* ViewModel.swift */; };
		824D2421DBFA2F5376369698 /* Pods_FlickrAPI_demo.framework in Frameworks */ = {isa = PBXBuildFile; fileRef = 00CAE9CF07AB3A66D9E50F0D /* Pods_FlickrAPI_demo.framework */; };
/* End PBXBuildFile section */

/* Begin PBXFileReference section */
		00CAE9CF07AB3A66D9E50F0D /* Pods_FlickrAPI_demo.framework */ = {isa = PBXFileReference; explicitFileType = wrapper.framework; includeInIndex = 0; path = Pods_FlickrAPI_demo.framework; sourceTree = BUILT_PRODUCTS_DIR; };
		32FD31FD4B57D749703D5D96 /* Pods-FlickrAPI-demo.debug.xcconfig */ = {isa = PBXFileReference; includeInIndex = 1; lastKnownFileType = text.xcconfig; name = "Pods-FlickrAPI-demo.debug.xcconfig"; path = "Target Support Files/Pods-FlickrAPI-demo/Pods-FlickrAPI-demo.debug.xcconfig"; sourceTree = "<group>"; };
		55F339CB25B96CD700D0AD16 /* FlickrAPI-demo.app */ = {isa = PBXFileReference; explicitFileType = wrapper.application; includeInIndex = 0; path = "FlickrAPI-demo.app"; sourceTree = BUILT_PRODUCTS_DIR; };
		55F339CE25B96CD700D0AD16 /* AppDelegate.swift */ = {isa = PBXFileReference; lastKnownFileType = sourcecode.swift; path = AppDelegate.swift; sourceTree = "<group>"; };
		55F339D025B96CD700D0AD16 /* SceneDelegate.swift */ = {isa = PBXFileReference; lastKnownFileType = sourcecode.swift; path = SceneDelegate.swift; sourceTree = "<group>"; };
		55F339D225B96CD700D0AD16 /* MainViewController.swift */ = {isa = PBXFileReference; lastKnownFileType = sourcecode.swift; path = MainViewController.swift; sourceTree = "<group>"; };
		55F339D725B96CDA00D0AD16 /* Assets.xcassets */ = {isa = PBXFileReference; lastKnownFileType = folder.assetcatalog; path = Assets.xcassets; sourceTree = "<group>"; };
		55F339DA25B96CDA00D0AD16 /* Base */ = {isa = PBXFileReference; lastKnownFileType = file.storyboard; name = Base; path = Base.lproj/LaunchScreen.storyboard; sourceTree = "<group>"; };
		55F339DC25B96CDA00D0AD16 /* Info.plist */ = {isa = PBXFileReference; lastKnownFileType = text.plist.xml; path = Info.plist; sourceTree = "<group>"; };
		55F339E525B970BD00D0AD16 /* Photos.swift */ = {isa = PBXFileReference; lastKnownFileType = sourcecode.swift; path = Photos.swift; sourceTree = "<group>"; };
		55F339E725B974E100D0AD16 /* Manager.swift */ = {isa = PBXFileReference; lastKnownFileType = sourcecode.swift; path = Manager.swift; sourceTree = "<group>"; };
		55F339E925B9BB0700D0AD16 /* ViewModel.swift */ = {isa = PBXFileReference; lastKnownFileType = sourcecode.swift; path = ViewModel.swift; sourceTree = "<group>"; };
		A8B3970BF83BA2D168E9D2D4 /* Pods-FlickrAPI-demo.release.xcconfig */ = {isa = PBXFileReference; includeInIndex = 1; lastKnownFileType = text.xcconfig; name = "Pods-FlickrAPI-demo.release.xcconfig"; path = "Target Support Files/Pods-FlickrAPI-demo/Pods-FlickrAPI-demo.release.xcconfig"; sourceTree = "<group>"; };
/* End PBXFileReference section */

/* Begin PBXFrameworksBuildPhase section */
		55F339C825B96CD700D0AD16 /* Frameworks */ = {
			isa = PBXFrameworksBuildPhase;
			buildActionMask = 2147483647;
			files = (
				824D2421DBFA2F5376369698 /* Pods_FlickrAPI_demo.framework in Frameworks */,
			);
			runOnlyForDeploymentPostprocessing = 0;
		};
/* End PBXFrameworksBuildPhase section */

/* Begin PBXGroup section */
		249966C595CAA9FAE9319D06 /* Frameworks */ = {
			isa = PBXGroup;
			children = (
				00CAE9CF07AB3A66D9E50F0D /* Pods_FlickrAPI_demo.framework */,
			);
			name = Frameworks;
			sourceTree = "<group>";
		};
		55F339C225B96CD700D0AD16 = {
			isa = PBXGroup;
			children = (
				55F339CD25B96CD700D0AD16 /* FlickrAPI-demo */,
				55F339CC25B96CD700D0AD16 /* Products */,
				AC035DC2E620D1333B57A8BD /* Pods */,
				249966C595CAA9FAE9319D06 /* Frameworks */,
			);
			sourceTree = "<group>";
		};
		55F339CC25B96CD700D0AD16 /* Products */ = {
			isa = PBXGroup;
			children = (
				55F339CB25B96CD700D0AD16 /* FlickrAPI-demo.app */,
			);
			name = Products;
			sourceTree = "<group>";
		};
		55F339CD25B96CD700D0AD16 /* FlickrAPI-demo */ = {
			isa = PBXGroup;
			children = (
				55F339EB25B9BC0000D0AD16 /* Protocols */,
				55F339E425B970A200D0AD16 /* ViewModel */,
				55F339E325B9709D00D0AD16 /* View */,
				55F339E225B9708F00D0AD16 /* Model */,
				55F339CE25B96CD700D0AD16 /* AppDelegate.swift */,
				55F339D025B96CD700D0AD16 /* SceneDelegate.swift */,
				55F339D725B96CDA00D0AD16 /* Assets.xcassets */,
				55F339D925B96CDA00D0AD16 /* LaunchScreen.storyboard */,
				55F339DC25B96CDA00D0AD16 /* Info.plist */,
			);
			path = "FlickrAPI-demo";
			sourceTree = "<group>";
		};
		55F339E225B9708F00D0AD16 /* Model */ = {
			isa = PBXGroup;
			children = (
				55F339E525B970BD00D0AD16 /* Photos.swift */,
				55F339E725B974E100D0AD16 /* Manager.swift */,
			);
			path = Model;
			sourceTree = "<group>";
		};
		55F339E325B9709D00D0AD16 /* View */ = {
			isa = PBXGroup;
			children = (
				55F339D225B96CD700D0AD16 /* MainViewController.swift */,
			);
			path = View;
			sourceTree = "<group>";
		};
		55F339E425B970A200D0AD16 /* ViewModel */ = {
			isa = PBXGroup;
			children = (
				55F339E925B9BB0700D0AD16 /* ViewModel.swift */,
			);
			path = ViewModel;
			sourceTree = "<group>";
		};
		55F339EB25B9BC0000D0AD16 /* Protocols */ = {
			isa = PBXGroup;
			children = (
			);
			path = Protocols;
			sourceTree = "<group>";
		};
		AC035DC2E620D1333B57A8BD /* Pods */ = {
			isa = PBXGroup;
			children = (
				32FD31FD4B57D749703D5D96 /* Pods-FlickrAPI-demo.debug.xcconfig */,
				A8B3970BF83BA2D168E9D2D4 /* Pods-FlickrAPI-demo.release.xcconfig */,
			);
			path = Pods;
			sourceTree = "<group>";
		};
/* End PBXGroup section */

/* Begin PBXNativeTarget section */
		55F339CA25B96CD700D0AD16 /* FlickrAPI-demo */ = {
			isa = PBXNativeTarget;
			buildConfigurationList = 55F339DF25B96CDA00D0AD16 /* Build configuration list for PBXNativeTarget "FlickrAPI-demo" */;
			buildPhases = (
				325029D3F3F710F8A923524C /* [CP] Check Pods Manifest.lock */,
				55F339C725B96CD700D0AD16 /* Sources */,
				55F339C825B96CD700D0AD16 /* Frameworks */,
				55F339C925B96CD700D0AD16 /* Resources */,
				8E31703F87E980EB6C0D3D8E /* [CP] Embed Pods Frameworks */,
			);
			buildRules = (
			);
			dependencies = (
			);
			name = "FlickrAPI-demo";
			productName = "FlickrAPI-demo";
			productReference = 55F339CB25B96CD700D0AD16 /* FlickrAPI-demo.app */;
			productType = "com.apple.product-type.application";
		};
/* End PBXNativeTarget section */

/* Begin PBXProject section */
		55F339C325B96CD700D0AD16 /* Project object */ = {
			isa = PBXProject;
			attributes = {
				LastSwiftUpdateCheck = 1150;
				LastUpgradeCheck = 1150;
				ORGANIZATIONNAME = Andrey;
				TargetAttributes = {
					55F339CA25B96CD700D0AD16 = {
						CreatedOnToolsVersion = 11.5;
					};
				};
			};
			buildConfigurationList = 55F339C625B96CD700D0AD16 /* Build configuration list for PBXProject "FlickrAPI-demo" */;
			compatibilityVersion = "Xcode 9.3";
			developmentRegion = en;
			hasScannedForEncodings = 0;
			knownRegions = (
				en,
				Base,
			);
			mainGroup = 55F339C225B96CD700D0AD16;
			productRefGroup = 55F339CC25B96CD700D0AD16 /* Products */;
			projectDirPath = "";
			projectRoot = "";
			targets = (
				55F339CA25B96CD700D0AD16 /* FlickrAPI-demo */,
			);
		};
/* End PBXProject section */

/* Begin PBXResourcesBuildPhase section */
		55F339C925B96CD700D0AD16 /* Resources */ = {
			isa = PBXResourcesBuildPhase;
			buildActionMask = 2147483647;
			files = (
				55F339DB25B96CDA00D0AD16 /* LaunchScreen.storyboard in Resources */,
				55F339D825B96CDA00D0AD16 /* Assets.xcassets in Resources */,
			);
			runOnlyForDeploymentPostprocessing = 0;
		};
/* End PBXResourcesBuildPhase section */

/* Begin PBXShellScriptBuildPhase section */
		325029D3F3F710F8A923524C /* [CP] Check Pods Manifest.lock */ = {
			isa = PBXShellScriptBuildPhase;
			buildActionMask = 2147483647;
			files = (
			);
			inputFileListPaths = (
			);
			inputPaths = (
				"${PODS_PODFILE_DIR_PATH}/Podfile.lock",
				"${PODS_ROOT}/Manifest.lock",
			);
			name = "[CP] Check Pods Manifest.lock";
			outputFileListPaths = (
			);
			outputPaths = (
				"$(DERIVED_FILE_DIR)/Pods-FlickrAPI-demo-checkManifestLockResult.txt",
			);
			runOnlyForDeploymentPostprocessing = 0;
			shellPath = /bin/sh;
			shellScript = "diff \"${PODS_PODFILE_DIR_PATH}/Podfile.lock\" \"${PODS_ROOT}/Manifest.lock\" > /dev/null\nif [ $? != 0 ] ; then\n    # print error to STDERR\n    echo \"error: The sandbox is not in sync with the Podfile.lock. Run 'pod install' or update your CocoaPods installation.\" >&2\n    exit 1\nfi\n# This output is used by Xcode 'outputs' to avoid re-running this script phase.\necho \"SUCCESS\" > \"${SCRIPT_OUTPUT_FILE_0}\"\n";
			showEnvVarsInLog = 0;
		};
		8E31703F87E980EB6C0D3D8E /* [CP] Embed Pods Frameworks */ = {
			isa = PBXShellScriptBuildPhase;
			buildActionMask = 2147483647;
			files = (
			);
			inputFileListPaths = (
				"${PODS_ROOT}/Target Support Files/Pods-FlickrAPI-demo/Pods-FlickrAPI-demo-frameworks-${CONFIGURATION}-input-files.xcfilelist",
			);
			name = "[CP] Embed Pods Frameworks";
			outputFileListPaths = (
				"${PODS_ROOT}/Target Support Files/Pods-FlickrAPI-demo/Pods-FlickrAPI-demo-frameworks-${CONFIGURATION}-output-files.xcfilelist",
			);
			runOnlyForDeploymentPostprocessing = 0;
			shellPath = /bin/sh;
			shellScript = "\"${PODS_ROOT}/Target Support Files/Pods-FlickrAPI-demo/Pods-FlickrAPI-demo-frameworks.sh\"\n";
			showEnvVarsInLog = 0;
		};
/* End PBXShellScriptBuildPhase section */

/* Begin PBXSourcesBuildPhase section */
		55F339C725B96CD700D0AD16 /* Sources */ = {
			isa = PBXSourcesBuildPhase;
			buildActionMask = 2147483647;
			files = (
				55F339E625B970BD00D0AD16 /* Photos.swift in Sources */,
				55F339D325B96CD700D0AD16 /* MainViewController.swift in Sources */,
				55F339CF25B96CD700D0AD16 /* AppDelegate.swift in Sources */,
				55F339D125B96CD700D0AD16 /* SceneDelegate.swift in Sources */,
				55F339EA25B9BB0700D0AD16 /* ViewModel.swift in Sources */,
				55F339E825B974E100D0AD16 /* Manager.swift in Sources */,
			);
			runOnlyForDeploymentPostprocessing = 0;
		};
/* End PBXSourcesBuildPhase section */

/* Begin PBXVariantGroup section */
		55F339D925B96CDA00D0AD16 /* LaunchScreen.storyboard */ = {
			isa = PBXVariantGroup;
			children = (
				55F339DA25B96CDA00D0AD16 /* Base */,
			);
			name = LaunchScreen.storyboard;
			sourceTree = "<group>";
		};
/* End PBXVariantGroup section */

/* Begin XCBuildConfiguration section */
		55F339DD25B96CDA00D0AD16 /* Debug */ = {
			isa = XCBuildConfiguration;
			buildSettings = {
				ALWAYS_SEARCH_USER_PATHS = NO;
				CLANG_ANALYZER_NONNULL = YES;
				CLANG_ANALYZER_NUMBER_OBJECT_CONVERSION = YES_AGGRESSIVE;
				CLANG_CXX_LANGUAGE_STANDARD = "gnu++14";
				CLANG_CXX_LIBRARY = "libc++";
				CLANG_ENABLE_MODULES = YES;
				CLANG_ENABLE_OBJC_ARC = YES;
				CLANG_ENABLE_OBJC_WEAK = YES;
				CLANG_WARN_BLOCK_CAPTURE_AUTORELEASING = YES;
				CLANG_WARN_BOOL_CONVERSION = YES;
				CLANG_WARN_COMMA = YES;
				CLANG_WARN_CONSTANT_CONVERSION = YES;
				CLANG_WARN_DEPRECATED_OBJC_IMPLEMENTATIONS = YES;
				CLANG_WARN_DIRECT_OBJC_ISA_USAGE = YES_ERROR;
				CLANG_WARN_DOCUMENTATION_COMMENTS = YES;
				CLANG_WARN_EMPTY_BODY = YES;
				CLANG_WARN_ENUM_CONVERSION = YES;
				CLANG_WARN_INFINITE_RECURSION = YES;
				CLANG_WARN_INT_CONVERSION = YES;
				CLANG_WARN_NON_LITERAL_NULL_CONVERSION = YES;
				CLANG_WARN_OBJC_IMPLICIT_RETAIN_SELF = YES;
				CLANG_WARN_OBJC_LITERAL_CONVERSION = YES;
				CLANG_WARN_OBJC_ROOT_CLASS = YES_ERROR;
				CLANG_WARN_RANGE_LOOP_ANALYSIS = YES;
				CLANG_WARN_STRICT_PROTOTYPES = YES;
				CLANG_WARN_SUSPICIOUS_MOVE = YES;
				CLANG_WARN_UNGUARDED_AVAILABILITY = YES_AGGRESSIVE;
				CLANG_WARN_UNREACHABLE_CODE = YES;
				CLANG_WARN__DUPLICATE_METHOD_MATCH = YES;
				COPY_PHASE_STRIP = NO;
				DEBUG_INFORMATION_FORMAT = dwarf;
				ENABLE_STRICT_OBJC_MSGSEND = YES;
				ENABLE_TESTABILITY = YES;
				GCC_C_LANGUAGE_STANDARD = gnu11;
				GCC_DYNAMIC_NO_PIC = NO;
				GCC_NO_COMMON_BLOCKS = YES;
				GCC_OPTIMIZATION_LEVEL = 0;
				GCC_PREPROCESSOR_DEFINITIONS = (
					"DEBUG=1",
					"$(inherited)",
				);
				GCC_WARN_64_TO_32_BIT_CONVERSION = YES;
				GCC_WARN_ABOUT_RETURN_TYPE = YES_ERROR;
				GCC_WARN_UNDECLARED_SELECTOR = YES;
				GCC_WARN_UNINITIALIZED_AUTOS = YES_AGGRESSIVE;
				GCC_WARN_UNUSED_FUNCTION = YES;
				GCC_WARN_UNUSED_VARIABLE = YES;
				IPHONEOS_DEPLOYMENT_TARGET = 13.5;
				MTL_ENABLE_DEBUG_INFO = INCLUDE_SOURCE;
				MTL_FAST_MATH = YES;
				ONLY_ACTIVE_ARCH = YES;
				SDKROOT = iphoneos;
				SWIFT_ACTIVE_COMPILATION_CONDITIONS = DEBUG;
				SWIFT_OPTIMIZATION_LEVEL = "-Onone";
			};
			name = Debug;
		};
		55F339DE25B96CDA00D0AD16 /* Release */ = {
			isa = XCBuildConfiguration;
			buildSettings = {
				ALWAYS_SEARCH_USER_PATHS = NO;
				CLANG_ANALYZER_NONNULL = YES;
				CLANG_ANALYZER_NUMBER_OBJECT_CONVERSION = YES_AGGRESSIVE;
				CLANG_CXX_LANGUAGE_STANDARD = "gnu++14";
				CLANG_CXX_LIBRARY = "libc++";
				CLANG_ENABLE_MODULES = YES;
				CLANG_ENABLE_OBJC_ARC = YES;
				CLANG_ENABLE_OBJC_WEAK = YES;
				CLANG_WARN_BLOCK_CAPTURE_AUTORELEASING = YES;
				CLANG_WARN_BOOL_CONVERSION = YES;
				CLANG_WARN_COMMA = YES;
				CLANG_WARN_CONSTANT_CONVERSION = YES;
				CLANG_WARN_DEPRECATED_OBJC_IMPLEMENTATIONS = YES;
				CLANG_WARN_DIRECT_OBJC_ISA_USAGE = YES_ERROR;
				CLANG_WARN_DOCUMENTATION_COMMENTS = YES;
				CLANG_WARN_EMPTY_BODY = YES;
				CLANG_WARN_ENUM_CONVERSION = YES;
				CLANG_WARN_INFINITE_RECURSION = YES;
				CLANG_WARN_INT_CONVERSION = YES;
				CLANG_WARN_NON_LITERAL_NULL_CONVERSION = YES;
				CLANG_WARN_OBJC_IMPLICIT_RETAIN_SELF = YES;
				CLANG_WARN_OBJC_LITERAL_CONVERSION = YES;
				CLANG_WARN_OBJC_ROOT_CLASS = YES_ERROR;
				CLANG_WARN_RANGE_LOOP_ANALYSIS = YES;
				CLANG_WARN_STRICT_PROTOTYPES = YES;
				CLANG_WARN_SUSPICIOUS_MOVE = YES;
				CLANG_WARN_UNGUARDED_AVAILABILITY = YES_AGGRESSIVE;
				CLANG_WARN_UNREACHABLE_CODE = YES;
				CLANG_WARN__DUPLICATE_METHOD_MATCH = YES;
				COPY_PHASE_STRIP = NO;
				DEBUG_INFORMATION_FORMAT = "dwarf-with-dsym";
				ENABLE_NS_ASSERTIONS = NO;
				ENABLE_STRICT_OBJC_MSGSEND = YES;
				GCC_C_LANGUAGE_STANDARD = gnu11;
				GCC_NO_COMMON_BLOCKS = YES;
				GCC_WARN_64_TO_32_BIT_CONVERSION = YES;
				GCC_WARN_ABOUT_RETURN_TYPE = YES_ERROR;
				GCC_WARN_UNDECLARED_SELECTOR = YES;
				GCC_WARN_UNINITIALIZED_AUTOS = YES_AGGRESSIVE;
				GCC_WARN_UNUSED_FUNCTION = YES;
				GCC_WARN_UNUSED_VARIABLE = YES;
				IPHONEOS_DEPLOYMENT_TARGET = 13.5;
				MTL_ENABLE_DEBUG_INFO = NO;
				MTL_FAST_MATH = YES;
				SDKROOT = iphoneos;
				SWIFT_COMPILATION_MODE = wholemodule;
				SWIFT_OPTIMIZATION_LEVEL = "-O";
				VALIDATE_PRODUCT = YES;
			};
			name = Release;
		};
		55F339E025B96CDA00D0AD16 /* Debug */ = {
			isa = XCBuildConfiguration;
			baseConfigurationReference = 32FD31FD4B57D749703D5D96 /* Pods-FlickrAPI-demo.debug.xcconfig */;
			buildSettings = {
				ASSETCATALOG_COMPILER_APPICON_NAME = AppIcon;
				CODE_SIGN_STYLE = Automatic;
				INFOPLIST_FILE = "FlickrAPI-demo/Info.plist";
				LD_RUNPATH_SEARCH_PATHS = (
					"$(inherited)",
					"@executable_path/Frameworks",
				);
				PRODUCT_BUNDLE_IDENTIFIER = "com.frAndrey.FlickrAPI-demo";
				PRODUCT_NAME = "$(TARGET_NAME)";
				SWIFT_VERSION = 5.0;
				TARGETED_DEVICE_FAMILY = "1,2";
			};
			name = Debug;
		};
		55F339E125B96CDA00D0AD16 /* Release */ = {
			isa = XCBuildConfiguration;
			baseConfigurationReference = A8B3970BF83BA2D168E9D2D4 /* Pods-FlickrAPI-demo.release.xcconfig */;
			buildSettings = {
				ASSETCATALOG_COMPILER_APPICON_NAME = AppIcon;
				CODE_SIGN_STYLE = Automatic;
				INFOPLIST_FILE = "FlickrAPI-demo/Info.plist";
				LD_RUNPATH_SEARCH_PATHS = (
					"$(inherited)",
					"@executable_path/Frameworks",
				);
				PRODUCT_BUNDLE_IDENTIFIER = "com.frAndrey.FlickrAPI-demo";
				PRODUCT_NAME = "$(TARGET_NAME)";
				SWIFT_VERSION = 5.0;
				TARGETED_DEVICE_FAMILY = "1,2";
			};
			name = Release;
		};
/* End XCBuildConfiguration section */

/* Begin XCConfigurationList section */
		55F339C625B96CD700D0AD16 /* Build configuration list for PBXProject "FlickrAPI-demo" */ = {
			isa = XCConfigurationList;
			buildConfigurations = (
				55F339DD25B96CDA00D0AD16 /* Debug */,
				55F339DE25B96CDA00D0AD16 /* Release */,
			);
			defaultConfigurationIsVisible = 0;
			defaultConfigurationName = Release;
		};
		55F339DF25B96CDA00D0AD16 /* Build configuration list for PBXNativeTarget "FlickrAPI-demo" */ = {
			isa = XCConfigurationList;
			buildConfigurations = (
				55F339E025B96CDA00D0AD16 /* Debug */,
				55F339E125B96CDA00D0AD16 /* Release */,
			);
			defaultConfigurationIsVisible = 0;
			defaultConfigurationName = Release;
		};
/* End XCConfigurationList section */
	};
	rootObject = 55F339C325B96CD700D0AD16 /* Project object */;
}
